
Microsoft Visual Studio Solution File, Format Version 12.00
# Visual Studio Version 17
VisualStudioVersion = 17.0.32112.339
MinimumVisualStudioVersion = 10.0.40219.1
Project("{FAE04EC0-301F-11D3-BF4B-00C04F79EFBC}") = "flow", "flow\flow.csproj", "{B9EF5265-7FEF-48A8-8617-CDE0E326C666}"
EndProject
Project("{FAE04EC0-301F-11D3-BF4B-00C04F79EFBC}") = "test", "test\test.csproj", "{C7C0FD3D-7A62-4774-A078-7925EFC45027}"
EndProject
Global
	GlobalSection(SolutionConfigurationPlatforms) = preSolution
		Debug|Any CPU = Debug|Any CPU
		Release|Any CPU = Release|Any CPU
	EndGlobalSection
	GlobalSection(ProjectConfigurationPlatforms) = postSolution
		{B9EF5265-7FEF-48A8-8617-CDE0E326C666}.Debug|Any CPU.ActiveCfg = Debug|Any CPU
		{B9EF5265-7FEF-48A8-8617-CDE0E326C666}.Debug|Any CPU.Build.0 = Debug|Any CPU
		{B9EF5265-7FEF-48A8-8617-CDE0E326C666}.Release|Any CPU.ActiveCfg = Release|Any CPU
		{B9EF5265-7FEF-48A8-8617-CDE0E326C666}.Release|Any CPU.Build.0 = Release|Any CPU
		{C7C0FD3D-7A62-4774-A078-7925EFC45027}.Debug|Any CPU.ActiveCfg = Debug|Any CPU
		{C7C0FD3D-7A62-4774-A078-7925EFC45027}.Debug|Any CPU.Build.0 = Debug|Any CPU
		{C7C0FD3D-7A62-4774-A078-7925EFC45027}.Release|Any CPU.ActiveCfg = Release|Any CPU
		{C7C0FD3D-7A62-4774-A078-7925EFC45027}.Release|Any CPU.Build.0 = Release|Any CPU
	EndGlobalSection
	GlobalSection(SolutionProperties) = preSolution
		HideSolutionNode = FALSE
	EndGlobalSection
	GlobalSection(ExtensibilityGlobals) = postSolution
		SolutionGuid = {2D146A1B-59CC-4BB7-8E67-9883671EE583}
	EndGlobalSection
EndGlobal
